
Microsoft Visual Studio Solution File, Format Version 12.00
# Visual Studio Version 16
VisualStudioVersion = 16.0.31402.337
MinimumVisualStudioVersion = 10.0.40219.1
Project("{FAE04EC0-301F-11D3-BF4B-00C04F79EFBC}") = "Mpage2_Battleship", "Mpage2_Battleship\Mpage2_Battleship.csproj", "{45FB8DE9-C75D-4DA4-A9F8-4F81FFDED288}"
EndProject
Global
	GlobalSection(SolutionConfigurationPlatforms) = preSolution
		Debug|Any CPU = Debug|Any CPU
		Release|Any CPU = Release|Any CPU
	EndGlobalSection
	GlobalSection(ProjectConfigurationPlatforms) = postSolution
		{45FB8DE9-C75D-4DA4-A9F8-4F81FFDED288}.Debug|Any CPU.ActiveCfg = Debug|Any CPU
		{45FB8DE9-C75D-4DA4-A9F8-4F81FFDED288}.Debug|Any CPU.Build.0 = Debug|Any CPU
		{45FB8DE9-C75D-4DA4-A9F8-4F81FFDED288}.Release|Any CPU.ActiveCfg = Release|Any CPU
		{45FB8DE9-C75D-4DA4-A9F8-4F81FFDED288}.Release|Any CPU.Build.0 = Release|Any CPU
	EndGlobalSection
	GlobalSection(SolutionProperties) = preSolution
		HideSolutionNode = FALSE
	EndGlobalSection
	GlobalSection(ExtensibilityGlobals) = postSolution
		SolutionGuid = {C1C8644D-7124-434E-B1C1-8199D79BC1D9}
	EndGlobalSection
EndGlobal
